
Microsoft Visual Studio Solution File, Format Version 12.00
# Visual Studio Version 16
VisualStudioVersion = 16.0.32002.261
MinimumVisualStudioVersion = 10.0.40219.1
Project("{FAE04EC0-301F-11D3-BF4B-00C04F79EFBC}") = "AtYarışı", "AtYarışı\AtYarışı.csproj", "{8BAD3644-2A0A-45CB-8EA0-0A0E67E38504}"
EndProject
Global
	GlobalSection(SolutionConfigurationPlatforms) = preSolution
		Debug|Any CPU = Debug|Any CPU
		Release|Any CPU = Release|Any CPU
	EndGlobalSection
	GlobalSection(ProjectConfigurationPlatforms) = postSolution
		{8BAD3644-2A0A-45CB-8EA0-0A0E67E38504}.Debug|Any CPU.ActiveCfg = Debug|Any CPU
		{8BAD3644-2A0A-45CB-8EA0-0A0E67E38504}.Debug|Any CPU.Build.0 = Debug|Any CPU
		{8BAD3644-2A0A-45CB-8EA0-0A0E67E38504}.Release|Any CPU.ActiveCfg = Release|Any CPU
		{8BAD3644-2A0A-45CB-8EA0-0A0E67E38504}.Release|Any CPU.Build.0 = Release|Any CPU
	EndGlobalSection
	GlobalSection(SolutionProperties) = preSolution
		HideSolutionNode = FALSE
	EndGlobalSection
	GlobalSection(ExtensibilityGlobals) = postSolution
		SolutionGuid = {060F6446-CC26-409D-A2C8-A384B23BA631}
	EndGlobalSection
EndGlobal
